
Microsoft Visual Studio Solution File, Format Version 12.00
# Visual Studio 15
VisualStudioVersion = 15.0.26730.12
MinimumVisualStudioVersion = 10.0.40219.1
Project("{FAE04EC0-301F-11D3-BF4B-00C04F79EFBC}") = "ApiDapper", "ApiDapper\ApiDapper.csproj", "{21D1D9DA-5E8B-4698-8026-713FF8ACC86B}"
EndProject
Global
	GlobalSection(SolutionConfigurationPlatforms) = preSolution
		Debug|Any CPU = Debug|Any CPU
		Release|Any CPU = Release|Any CPU
	EndGlobalSection
	GlobalSection(ProjectConfigurationPlatforms) = postSolution
		{21D1D9DA-5E8B-4698-8026-713FF8ACC86B}.Debug|Any CPU.ActiveCfg = Debug|Any CPU
		{21D1D9DA-5E8B-4698-8026-713FF8ACC86B}.Debug|Any CPU.Build.0 = Debug|Any CPU
		{21D1D9DA-5E8B-4698-8026-713FF8ACC86B}.Release|Any CPU.ActiveCfg = Release|Any CPU
		{21D1D9DA-5E8B-4698-8026-713FF8ACC86B}.Release|Any CPU.Build.0 = Release|Any CPU
	EndGlobalSection
	GlobalSection(SolutionProperties) = preSolution
		HideSolutionNode = FALSE
	EndGlobalSection
	GlobalSection(ExtensibilityGlobals) = postSolution
		SolutionGuid = {EC2003B6-D2DC-4A5E-80DA-4E971A303E1D}
	EndGlobalSection
EndGlobal
